
Microsoft Visual Studio Solution File, Format Version 12.00
# Visual Studio 2013
VisualStudioVersion = 12.0.30723.0
MinimumVisualStudioVersion = 10.0.40219.1
Project("{FAE04EC0-301F-11D3-BF4B-00C04F79EFBC}") = "OrmPoc", "OrmPoc\OrmPoc.csproj", "{74157631-6F94-4D9E-99B2-0B760BDFC39B}"
EndProject
Project("{FAE04EC0-301F-11D3-BF4B-00C04F79EFBC}") = "GoOrm", "GoOrm\GoOrm.csproj", "{D47AA4B7-FA31-48F5-888D-D8E8B2AE9B78}"
EndProject
Global
	GlobalSection(SolutionConfigurationPlatforms) = preSolution
		Debug|Any CPU = Debug|Any CPU
		Release|Any CPU = Release|Any CPU
	EndGlobalSection
	GlobalSection(ProjectConfigurationPlatforms) = postSolution
		{74157631-6F94-4D9E-99B2-0B760BDFC39B}.Debug|Any CPU.ActiveCfg = Debug|Any CPU
		{74157631-6F94-4D9E-99B2-0B760BDFC39B}.Debug|Any CPU.Build.0 = Debug|Any CPU
		{74157631-6F94-4D9E-99B2-0B760BDFC39B}.Release|Any CPU.ActiveCfg = Release|Any CPU
		{74157631-6F94-4D9E-99B2-0B760BDFC39B}.Release|Any CPU.Build.0 = Release|Any CPU
		{D47AA4B7-FA31-48F5-888D-D8E8B2AE9B78}.Debug|Any CPU.ActiveCfg = Debug|Any CPU
		{D47AA4B7-FA31-48F5-888D-D8E8B2AE9B78}.Debug|Any CPU.Build.0 = Debug|Any CPU
		{D47AA4B7-FA31-48F5-888D-D8E8B2AE9B78}.Release|Any CPU.ActiveCfg = Release|Any CPU
		{D47AA4B7-FA31-48F5-888D-D8E8B2AE9B78}.Release|Any CPU.Build.0 = Release|Any CPU
	EndGlobalSection
	GlobalSection(SolutionProperties) = preSolution
		HideSolutionNode = FALSE
	EndGlobalSection
EndGlobal
